
Microsoft Visual Studio Solution File, Format Version 12.00
# Visual Studio Version 17
VisualStudioVersion = 17.10.35013.160
MinimumVisualStudioVersion = 10.0.40219.1
Project("{FAE04EC0-301F-11D3-BF4B-00C04F79EFBC}") = "ToDoListApp.Server", "ToDoListApp.Server\ToDoListApp.Server.csproj", "{F3945F73-3411-4CC1-8707-28DBC545429B}"
EndProject
Project("{54A90642-561A-4BB1-A94E-469ADEE60C69}") = "todolistapp.client", "todolistapp.client\todolistapp.client.esproj", "{863E4E8E-AA54-4F73-A32A-21A4FF5CC4C2}"
EndProject
Global
	GlobalSection(SolutionConfigurationPlatforms) = preSolution
		Debug|Any CPU = Debug|Any CPU
		Release|Any CPU = Release|Any CPU
	EndGlobalSection
	GlobalSection(ProjectConfigurationPlatforms) = postSolution
		{F3945F73-3411-4CC1-8707-28DBC545429B}.Debug|Any CPU.ActiveCfg = Debug|Any CPU
		{F3945F73-3411-4CC1-8707-28DBC545429B}.Debug|Any CPU.Build.0 = Debug|Any CPU
		{F3945F73-3411-4CC1-8707-28DBC545429B}.Release|Any CPU.ActiveCfg = Release|Any CPU
		{F3945F73-3411-4CC1-8707-28DBC545429B}.Release|Any CPU.Build.0 = Release|Any CPU
		{863E4E8E-AA54-4F73-A32A-21A4FF5CC4C2}.Debug|Any CPU.ActiveCfg = Debug|Any CPU
		{863E4E8E-AA54-4F73-A32A-21A4FF5CC4C2}.Debug|Any CPU.Build.0 = Debug|Any CPU
		{863E4E8E-AA54-4F73-A32A-21A4FF5CC4C2}.Debug|Any CPU.Deploy.0 = Debug|Any CPU
		{863E4E8E-AA54-4F73-A32A-21A4FF5CC4C2}.Release|Any CPU.ActiveCfg = Release|Any CPU
		{863E4E8E-AA54-4F73-A32A-21A4FF5CC4C2}.Release|Any CPU.Build.0 = Release|Any CPU
		{863E4E8E-AA54-4F73-A32A-21A4FF5CC4C2}.Release|Any CPU.Deploy.0 = Release|Any CPU
	EndGlobalSection
	GlobalSection(SolutionProperties) = preSolution
		HideSolutionNode = FALSE
	EndGlobalSection
	GlobalSection(ExtensibilityGlobals) = postSolution
		SolutionGuid = {0B1D0447-5699-4358-8AC6-47050D7ED8EB}
	EndGlobalSection
EndGlobal
